
Microsoft Visual Studio Solution File, Format Version 12.00
# Visual Studio 15
Project("{FAE04EC0-301F-11D3-BF4B-00C04F79EFBC}") = "Assembly-CSharp", "Assembly-CSharp.csproj", "{4FD43985-C7C2-4A88-8D1A-BC7168E97D9C}"
EndProject
Project("{FAE04EC0-301F-11D3-BF4B-00C04F79EFBC}") = "UnityEngine.TestRunner", "UnityEngine.TestRunner.csproj", "{E5BCF031-DE72-35BA-7A19-FCCD5CFA61C2}"
EndProject
Project("{FAE04EC0-301F-11D3-BF4B-00C04F79EFBC}") = "Unity.InputSystem", "Unity.InputSystem.csproj", "{6B1D8252-64C6-3E86-9048-C623879B4F4B}"
EndProject
Project("{FAE04EC0-301F-11D3-BF4B-00C04F79EFBC}") = "Unity.Timeline", "Unity.Timeline.csproj", "{3C3FB210-59FA-3B82-A5E5-752FB02951A0}"
EndProject
Project("{FAE04EC0-301F-11D3-BF4B-00C04F79EFBC}") = "Unity.ProBuilder", "Unity.ProBuilder.csproj", "{83C5A1DB-E3B5-0C21-23CF-79C0E99A0BBB}"
EndProject
Project("{FAE04EC0-301F-11D3-BF4B-00C04F79EFBC}") = "Cinemachine", "Cinemachine.csproj", "{42B333AC-C925-8A45-3F30-05D6FB99F8DB}"
EndProject
Project("{FAE04EC0-301F-11D3-BF4B-00C04F79EFBC}") = "Unity.TextMeshPro", "Unity.TextMeshPro.csproj", "{5843F2E0-7B0D-4612-8B1C-FE032A423D25}"
EndProject
Project("{FAE04EC0-301F-11D3-BF4B-00C04F79EFBC}") = "Unity.ProBuilder.Poly2Tri", "Unity.ProBuilder.Poly2Tri.csproj", "{BCFB4017-A165-8E14-08E4-5C4652DE6E05}"
EndProject
Project("{FAE04EC0-301F-11D3-BF4B-00C04F79EFBC}") = "Unity.ProGrids", "Unity.ProGrids.csproj", "{84B52D25-E71B-AE5D-664F-78700DBA9CAE}"
EndProject
Project("{FAE04EC0-301F-11D3-BF4B-00C04F79EFBC}") = "Unity.ProBuilder.Csg", "Unity.ProBuilder.Csg.csproj", "{F395A6AF-D427-0396-842A-58845D8B64C5}"
EndProject
Project("{FAE04EC0-301F-11D3-BF4B-00C04F79EFBC}") = "Unity.ProBuilder.KdTree", "Unity.ProBuilder.KdTree.csproj", "{A889530C-41AF-AE94-A868-64886AED851A}"
EndProject
Project("{FAE04EC0-301F-11D3-BF4B-00C04F79EFBC}") = "Unity.ProBuilder.Stl", "Unity.ProBuilder.Stl.csproj", "{ED6B4861-CEFA-F6B8-21CD-94BDC4044926}"
EndProject
Project("{FAE04EC0-301F-11D3-BF4B-00C04F79EFBC}") = "UnityEditor.TestRunner", "UnityEditor.TestRunner.csproj", "{A6B6B3B5-D8A9-9FAD-DE9A-1E4AEC099916}"
EndProject
Project("{FAE04EC0-301F-11D3-BF4B-00C04F79EFBC}") = "Unity.ProBuilder.Editor", "Unity.ProBuilder.Editor.csproj", "{C6A33275-5CD3-FBD3-032D-EFB2E1693629}"
EndProject
Project("{FAE04EC0-301F-11D3-BF4B-00C04F79EFBC}") = "Unity.Timeline.Editor", "Unity.Timeline.Editor.csproj", "{0F14D3A0-0C12-A68B-7970-9B412215E40F}"
EndProject
Project("{FAE04EC0-301F-11D3-BF4B-00C04F79EFBC}") = "Unity.VisualStudio.Editor", "Unity.VisualStudio.Editor.csproj", "{77466220-BC7B-9DD7-B5FF-E2C706BEAFC1}"
EndProject
Project("{FAE04EC0-301F-11D3-BF4B-00C04F79EFBC}") = "com.unity.cinemachine.editor", "com.unity.cinemachine.editor.csproj", "{5B09979C-7450-D16F-3EBA-989E752C8303}"
EndProject
Project("{FAE04EC0-301F-11D3-BF4B-00C04F79EFBC}") = "Unity.PlasticSCM.Editor", "Unity.PlasticSCM.Editor.csproj", "{EB6FA4C1-01D8-75EE-8C76-EA3B9E2ED988}"
EndProject
Project("{FAE04EC0-301F-11D3-BF4B-00C04F79EFBC}") = "Unity.TextMeshPro.Editor", "Unity.TextMeshPro.Editor.csproj", "{66DCE39E-D818-AADC-02CF-DA092CA4D207}"
EndProject
Project("{FAE04EC0-301F-11D3-BF4B-00C04F79EFBC}") = "Unity.CollabProxy.Editor", "Unity.CollabProxy.Editor.csproj", "{7B55F4E9-8AB0-C5E9-F7B8-2B72A1CD5943}"
EndProject
Project("{FAE04EC0-301F-11D3-BF4B-00C04F79EFBC}") = "Unity.Rider.Editor", "Unity.Rider.Editor.csproj", "{A06DB9DD-0214-DD55-B6FB-F56903463C61}"
EndProject
Project("{FAE04EC0-301F-11D3-BF4B-00C04F79EFBC}") = "Unity.ProGrids.Editor", "Unity.ProGrids.Editor.csproj", "{8608D72C-145B-F976-94C6-9D5AB0FC04BC}"
EndProject
Project("{FAE04EC0-301F-11D3-BF4B-00C04F79EFBC}") = "Unity.VSCode.Editor", "Unity.VSCode.Editor.csproj", "{9C56EE54-D55D-8A1A-94A4-DECAE7664871}"
EndProject
Project("{FAE04EC0-301F-11D3-BF4B-00C04F79EFBC}") = "Unity.ProBuilder.AssetIdRemapUtility", "Unity.ProBuilder.AssetIdRemapUtility.csproj", "{30D7CDD3-384A-3DFF-7245-590F5A4B414B}"
EndProject
Project("{FAE04EC0-301F-11D3-BF4B-00C04F79EFBC}") = "Unity.Settings.Editor", "Unity.Settings.Editor.csproj", "{40F5BDF7-DF2C-4E95-BCE9-A584BD4511F8}"
EndProject
Project("{FAE04EC0-301F-11D3-BF4B-00C04F79EFBC}") = "Unity.ProBuilder.AddOns.Editor", "Unity.ProBuilder.AddOns.Editor.csproj", "{396DF3AD-2209-EA1A-F253-CD941C053AA2}"
EndProject
Global
	GlobalSection(SolutionConfigurationPlatforms) = preSolution
		Debug|Any CPU = Debug|Any CPU
		Release|Any CPU = Release|Any CPU
	EndGlobalSection
	GlobalSection(ProjectConfigurationPlatforms) = postSolution
		{4FD43985-C7C2-4A88-8D1A-BC7168E97D9C}.Debug|Any CPU.ActiveCfg = Debug|Any CPU
		{4FD43985-C7C2-4A88-8D1A-BC7168E97D9C}.Debug|Any CPU.Build.0 = Debug|Any CPU
		{4FD43985-C7C2-4A88-8D1A-BC7168E97D9C}.Release|Any CPU.ActiveCfg = Release|Any CPU
		{4FD43985-C7C2-4A88-8D1A-BC7168E97D9C}.Release|Any CPU.Build.0 = Release|Any CPU
		{E5BCF031-DE72-35BA-7A19-FCCD5CFA61C2}.Debug|Any CPU.ActiveCfg = Debug|Any CPU
		{E5BCF031-DE72-35BA-7A19-FCCD5CFA61C2}.Debug|Any CPU.Build.0 = Debug|Any CPU
		{E5BCF031-DE72-35BA-7A19-FCCD5CFA61C2}.Release|Any CPU.ActiveCfg = Release|Any CPU
		{E5BCF031-DE72-35BA-7A19-FCCD5CFA61C2}.Release|Any CPU.Build.0 = Release|Any CPU
		{6B1D8252-64C6-3E86-9048-C623879B4F4B}.Debug|Any CPU.ActiveCfg = Debug|Any CPU
		{6B1D8252-64C6-3E86-9048-C623879B4F4B}.Debug|Any CPU.Build.0 = Debug|Any CPU
		{6B1D8252-64C6-3E86-9048-C623879B4F4B}.Release|Any CPU.ActiveCfg = Release|Any CPU
		{6B1D8252-64C6-3E86-9048-C623879B4F4B}.Release|Any CPU.Build.0 = Release|Any CPU
		{3C3FB210-59FA-3B82-A5E5-752FB02951A0}.Debug|Any CPU.ActiveCfg = Debug|Any CPU
		{3C3FB210-59FA-3B82-A5E5-752FB02951A0}.Debug|Any CPU.Build.0 = Debug|Any CPU
		{3C3FB210-59FA-3B82-A5E5-752FB02951A0}.Release|Any CPU.ActiveCfg = Release|Any CPU
		{3C3FB210-59FA-3B82-A5E5-752FB02951A0}.Release|Any CPU.Build.0 = Release|Any CPU
		{83C5A1DB-E3B5-0C21-23CF-79C0E99A0BBB}.Debug|Any CPU.ActiveCfg = Debug|Any CPU
		{83C5A1DB-E3B5-0C21-23CF-79C0E99A0BBB}.Debug|Any CPU.Build.0 = Debug|Any CPU
		{83C5A1DB-E3B5-0C21-23CF-79C0E99A0BBB}.Release|Any CPU.ActiveCfg = Release|Any CPU
		{83C5A1DB-E3B5-0C21-23CF-79C0E99A0BBB}.Release|Any CPU.Build.0 = Release|Any CPU
		{42B333AC-C925-8A45-3F30-05D6FB99F8DB}.Debug|Any CPU.ActiveCfg = Debug|Any CPU
		{42B333AC-C925-8A45-3F30-05D6FB99F8DB}.Debug|Any CPU.Build.0 = Debug|Any CPU
		{42B333AC-C925-8A45-3F30-05D6FB99F8DB}.Release|Any CPU.ActiveCfg = Release|Any CPU
		{42B333AC-C925-8A45-3F30-05D6FB99F8DB}.Release|Any CPU.Build.0 = Release|Any CPU
		{5843F2E0-7B0D-4612-8B1C-FE032A423D25}.Debug|Any CPU.ActiveCfg = Debug|Any CPU
		{5843F2E0-7B0D-4612-8B1C-FE032A423D25}.Debug|Any CPU.Build.0 = Debug|Any CPU
		{5843F2E0-7B0D-4612-8B1C-FE032A423D25}.Release|Any CPU.ActiveCfg = Release|Any CPU
		{5843F2E0-7B0D-4612-8B1C-FE032A423D25}.Release|Any CPU.Build.0 = Release|Any CPU
		{BCFB4017-A165-8E14-08E4-5C4652DE6E05}.Debug|Any CPU.ActiveCfg = Debug|Any CPU
		{BCFB4017-A165-8E14-08E4-5C4652DE6E05}.Debug|Any CPU.Build.0 = Debug|Any CPU
		{BCFB4017-A165-8E14-08E4-5C4652DE6E05}.Release|Any CPU.ActiveCfg = Release|Any CPU
		{BCFB4017-A165-8E14-08E4-5C4652DE6E05}.Release|Any CPU.Build.0 = Release|Any CPU
		{84B52D25-E71B-AE5D-664F-78700DBA9CAE}.Debug|Any CPU.ActiveCfg = Debug|Any CPU
		{84B52D25-E71B-AE5D-664F-78700DBA9CAE}.Debug|Any CPU.Build.0 = Debug|Any CPU
		{84B52D25-E71B-AE5D-664F-78700DBA9CAE}.Release|Any CPU.ActiveCfg = Release|Any CPU
		{84B52D25-E71B-AE5D-664F-78700DBA9CAE}.Release|Any CPU.Build.0 = Release|Any CPU
		{F395A6AF-D427-0396-842A-58845D8B64C5}.Debug|Any CPU.ActiveCfg = Debug|Any CPU
		{F395A6AF-D427-0396-842A-58845D8B64C5}.Debug|Any CPU.Build.0 = Debug|Any CPU
		{F395A6AF-D427-0396-842A-58845D8B64C5}.Release|Any CPU.ActiveCfg = Release|Any CPU
		{F395A6AF-D427-0396-842A-58845D8B64C5}.Release|Any CPU.Build.0 = Release|Any CPU
		{A889530C-41AF-AE94-A868-64886AED851A}.Debug|Any CPU.ActiveCfg = Debug|Any CPU
		{A889530C-41AF-AE94-A868-64886AED851A}.Debug|Any CPU.Build.0 = Debug|Any CPU
		{A889530C-41AF-AE94-A868-64886AED851A}.Release|Any CPU.ActiveCfg = Release|Any CPU
		{A889530C-41AF-AE94-A868-64886AED851A}.Release|Any CPU.Build.0 = Release|Any CPU
		{ED6B4861-CEFA-F6B8-21CD-94BDC4044926}.Debug|Any CPU.ActiveCfg = Debug|Any CPU
		{ED6B4861-CEFA-F6B8-21CD-94BDC4044926}.Debug|Any CPU.Build.0 = Debug|Any CPU
		{ED6B4861-CEFA-F6B8-21CD-94BDC4044926}.Release|Any CPU.ActiveCfg = Release|Any CPU
		{ED6B4861-CEFA-F6B8-21CD-94BDC4044926}.Release|Any CPU.Build.0 = Release|Any CPU
		{A6B6B3B5-D8A9-9FAD-DE9A-1E4AEC099916}.Debug|Any CPU.ActiveCfg = Debug|Any CPU
		{A6B6B3B5-D8A9-9FAD-DE9A-1E4AEC099916}.Debug|Any CPU.Build.0 = Debug|Any CPU
		{A6B6B3B5-D8A9-9FAD-DE9A-1E4AEC099916}.Release|Any CPU.ActiveCfg = Release|Any CPU
		{A6B6B3B5-D8A9-9FAD-DE9A-1E4AEC099916}.Release|Any CPU.Build.0 = Release|Any CPU
		{C6A33275-5CD3-FBD3-032D-EFB2E1693629}.Debug|Any CPU.ActiveCfg = Debug|Any CPU
		{C6A33275-5CD3-FBD3-032D-EFB2E1693629}.Debug|Any CPU.Build.0 = Debug|Any CPU
		{C6A33275-5CD3-FBD3-032D-EFB2E1693629}.Release|Any CPU.ActiveCfg = Release|Any CPU
		{C6A33275-5CD3-FBD3-032D-EFB2E1693629}.Release|Any CPU.Build.0 = Release|Any CPU
		{0F14D3A0-0C12-A68B-7970-9B412215E40F}.Debug|Any CPU.ActiveCfg = Debug|Any CPU
		{0F14D3A0-0C12-A68B-7970-9B412215E40F}.Debug|Any CPU.Build.0 = Debug|Any CPU
		{0F14D3A0-0C12-A68B-7970-9B412215E40F}.Release|Any CPU.ActiveCfg = Release|Any CPU
		{0F14D3A0-0C12-A68B-7970-9B412215E40F}.Release|Any CPU.Build.0 = Release|Any CPU
		{77466220-BC7B-9DD7-B5FF-E2C706BEAFC1}.Debug|Any CPU.ActiveCfg = Debug|Any CPU
		{77466220-BC7B-9DD7-B5FF-E2C706BEAFC1}.Debug|Any CPU.Build.0 = Debug|Any CPU
		{77466220-BC7B-9DD7-B5FF-E2C706BEAFC1}.Release|Any CPU.ActiveCfg = Release|Any CPU
		{77466220-BC7B-9DD7-B5FF-E2C706BEAFC1}.Release|Any CPU.Build.0 = Release|Any CPU
		{5B09979C-7450-D16F-3EBA-989E752C8303}.Debug|Any CPU.ActiveCfg = Debug|Any CPU
		{5B09979C-7450-D16F-3EBA-989E752C8303}.Debug|Any CPU.Build.0 = Debug|Any CPU
		{5B09979C-7450-D16F-3EBA-989E752C8303}.Release|Any CPU.ActiveCfg = Release|Any CPU
		{5B09979C-7450-D16F-3EBA-989E752C8303}.Release|Any CPU.Build.0 = Release|Any CPU
		{EB6FA4C1-01D8-75EE-8C76-EA3B9E2ED988}.Debug|Any CPU.ActiveCfg = Debug|Any CPU
		{EB6FA4C1-01D8-75EE-8C76-EA3B9E2ED988}.Debug|Any CPU.Build.0 = Debug|Any CPU
		{EB6FA4C1-01D8-75EE-8C76-EA3B9E2ED988}.Release|Any CPU.ActiveCfg = Release|Any CPU
		{EB6FA4C1-01D8-75EE-8C76-EA3B9E2ED988}.Release|Any CPU.Build.0 = Release|Any CPU
		{66DCE39E-D818-AADC-02CF-DA092CA4D207}.Debug|Any CPU.ActiveCfg = Debug|Any CPU
		{66DCE39E-D818-AADC-02CF-DA092CA4D207}.Debug|Any CPU.Build.0 = Debug|Any CPU
		{66DCE39E-D818-AADC-02CF-DA092CA4D207}.Release|Any CPU.ActiveCfg = Release|Any CPU
		{66DCE39E-D818-AADC-02CF-DA092CA4D207}.Release|Any CPU.Build.0 = Release|Any CPU
		{7B55F4E9-8AB0-C5E9-F7B8-2B72A1CD5943}.Debug|Any CPU.ActiveCfg = Debug|Any CPU
		{7B55F4E9-8AB0-C5E9-F7B8-2B72A1CD5943}.Debug|Any CPU.Build.0 = Debug|Any CPU
		{7B55F4E9-8AB0-C5E9-F7B8-2B72A1CD5943}.Release|Any CPU.ActiveCfg = Release|Any CPU
		{7B55F4E9-8AB0-C5E9-F7B8-2B72A1CD5943}.Release|Any CPU.Build.0 = Release|Any CPU
		{A06DB9DD-0214-DD55-B6FB-F56903463C61}.Debug|Any CPU.ActiveCfg = Debug|Any CPU
		{A06DB9DD-0214-DD55-B6FB-F56903463C61}.Debug|Any CPU.Build.0 = Debug|Any CPU
		{A06DB9DD-0214-DD55-B6FB-F56903463C61}.Release|Any CPU.ActiveCfg = Release|Any CPU
		{A06DB9DD-0214-DD55-B6FB-F56903463C61}.Release|Any CPU.Build.0 = Release|Any CPU
		{8608D72C-145B-F976-94C6-9D5AB0FC04BC}.Debug|Any CPU.ActiveCfg = Debug|Any CPU
		{8608D72C-145B-F976-94C6-9D5AB0FC04BC}.Debug|Any CPU.Build.0 = Debug|Any CPU
		{8608D72C-145B-F976-94C6-9D5AB0FC04BC}.Release|Any CPU.ActiveCfg = Release|Any CPU
		{8608D72C-145B-F976-94C6-9D5AB0FC04BC}.Release|Any CPU.Build.0 = Release|Any CPU
		{9C56EE54-D55D-8A1A-94A4-DECAE7664871}.Debug|Any CPU.ActiveCfg = Debug|Any CPU
		{9C56EE54-D55D-8A1A-94A4-DECAE7664871}.Debug|Any CPU.Build.0 = Debug|Any CPU
		{9C56EE54-D55D-8A1A-94A4-DECAE7664871}.Release|Any CPU.ActiveCfg = Release|Any CPU
		{9C56EE54-D55D-8A1A-94A4-DECAE7664871}.Release|Any CPU.Build.0 = Release|Any CPU
		{30D7CDD3-384A-3DFF-7245-590F5A4B414B}.Debug|Any CPU.ActiveCfg = Debug|Any CPU
		{30D7CDD3-384A-3DFF-7245-590F5A4B414B}.Debug|Any CPU.Build.0 = Debug|Any CPU
		{30D7CDD3-384A-3DFF-7245-590F5A4B414B}.Release|Any CPU.ActiveCfg = Release|Any CPU
		{30D7CDD3-384A-3DFF-7245-590F5A4B414B}.Release|Any CPU.Build.0 = Release|Any CPU
		{40F5BDF7-DF2C-4E95-BCE9-A584BD4511F8}.Debug|Any CPU.ActiveCfg = Debug|Any CPU
		{40F5BDF7-DF2C-4E95-BCE9-A584BD4511F8}.Debug|Any CPU.Build.0 = Debug|Any CPU
		{40F5BDF7-DF2C-4E95-BCE9-A584BD4511F8}.Release|Any CPU.ActiveCfg = Release|Any CPU
		{40F5BDF7-DF2C-4E95-BCE9-A584BD4511F8}.Release|Any CPU.Build.0 = Release|Any CPU
		{396DF3AD-2209-EA1A-F253-CD941C053AA2}.Debug|Any CPU.ActiveCfg = Debug|Any CPU
		{396DF3AD-2209-EA1A-F253-CD941C053AA2}.Debug|Any CPU.Build.0 = Debug|Any CPU
		{396DF3AD-2209-EA1A-F253-CD941C053AA2}.Release|Any CPU.ActiveCfg = Release|Any CPU
		{396DF3AD-2209-EA1A-F253-CD941C053AA2}.Release|Any CPU.Build.0 = Release|Any CPU
	EndGlobalSection
	GlobalSection(SolutionProperties) = preSolution
		HideSolutionNode = FALSE
	EndGlobalSection
EndGlobal
